
Microsoft Visual Studio Solution File, Format Version 12.00
# Visual Studio 15
VisualStudioVersion = 15.0.26430.16
MinimumVisualStudioVersion = 10.0.40219.1
Project("{FAE04EC0-301F-11D3-BF4B-00C04F79EFBC}") = "InheritFSRights", "InheritFSRights\InheritFSRights.csproj", "{9E66DD43-728C-4809-AB30-1AA6C0D69EBA}"
EndProject
Global
	GlobalSection(SolutionConfigurationPlatforms) = preSolution
		Debug|Any CPU = Debug|Any CPU
		Debug|x64 = Debug|x64
		Release|Any CPU = Release|Any CPU
		Release|x64 = Release|x64
	EndGlobalSection
	GlobalSection(ProjectConfigurationPlatforms) = postSolution
		{9E66DD43-728C-4809-AB30-1AA6C0D69EBA}.Debug|Any CPU.ActiveCfg = Debug|Any CPU
		{9E66DD43-728C-4809-AB30-1AA6C0D69EBA}.Debug|Any CPU.Build.0 = Debug|Any CPU
		{9E66DD43-728C-4809-AB30-1AA6C0D69EBA}.Debug|x64.ActiveCfg = Debug|x64
		{9E66DD43-728C-4809-AB30-1AA6C0D69EBA}.Debug|x64.Build.0 = Debug|x64
		{9E66DD43-728C-4809-AB30-1AA6C0D69EBA}.Release|Any CPU.ActiveCfg = Release|Any CPU
		{9E66DD43-728C-4809-AB30-1AA6C0D69EBA}.Release|Any CPU.Build.0 = Release|Any CPU
		{9E66DD43-728C-4809-AB30-1AA6C0D69EBA}.Release|Any CPU.Deploy.0 = Release|Any CPU
		{9E66DD43-728C-4809-AB30-1AA6C0D69EBA}.Release|x64.ActiveCfg = Release|x64
		{9E66DD43-728C-4809-AB30-1AA6C0D69EBA}.Release|x64.Build.0 = Release|x64
	EndGlobalSection
	GlobalSection(SolutionProperties) = preSolution
		HideSolutionNode = FALSE
	EndGlobalSection
EndGlobal
